{
  "nodes": {
    "catppuccin-bat": {
      "flake": false,
      "locked": {
        "lastModified": 1734996624,
        "narHash": "sha256-6fWoCH90IGumAMc4buLRWL0N61op+AuMNN9CAR9/OdI=",
        "owner": "catppuccin",
        "repo": "bat",
        "rev": "699f60fc8ec434574ca7451b444b880430319941",
        "type": "github"
      },
      "original": {
        "owner": "catppuccin",
        "repo": "bat",
        "type": "github"
      }
    },
    "catppuccin-starship": {
      "flake": false,
      "locked": {
        "lastModified": 1733541952,
        "narHash": "sha256-1w0TJdQP5lb9jCrCmhPlSexf0PkAlcz8GBDEsRjPRns=",
        "owner": "catppuccin",
        "repo": "starship",
        "rev": "e99ba6b210c0739af2a18094024ca0bdf4bb3225",
        "type": "github"
      },
      "original": {
        "owner": "catppuccin",
        "repo": "starship",
        "type": "github"
      }
    },
    "darwin": {
      "inputs": {
        "nixpkgs": [
          "nixpkgs"
        ]
      },
      "locked": {
        "lastModified": 1743127615,
        "narHash": "sha256-+sMGqywrSr50BGMLMeY789mSrzjkoxZiu61eWjYS/8o=",
        "owner": "lnl7",
        "repo": "nix-darwin",
        "rev": "fc843893cecc1838a59713ee3e50e9e7edc6207c",
        "type": "github"
      },
      "original": {
        "owner": "lnl7",
        "ref": "nix-darwin-24.11",
        "repo": "nix-darwin",
        "type": "github"
      }
    },
    "emacs-overlay": {
      "inputs": {
        "nixpkgs": "nixpkgs",
        "nixpkgs-stable": "nixpkgs-stable"
      },
      "locked": {
        "lastModified": 1746635180,
        "narHash": "sha256-v/lPugIVymeiBMcQqH8050xpKJ6JF+4YaST11BwBeGc=",
        "owner": "nix-community",
        "repo": "emacs-overlay",
        "rev": "d9e6b2044ed09ad5957306002aef88f7caa05a12",
        "type": "github"
      },
      "original": {
        "owner": "nix-community",
        "repo": "emacs-overlay",
        "type": "github"
      }
    },
    "home-manager": {
      "inputs": {
        "nixpkgs": [
          "nixpkgs"
        ]
      },
      "locked": {
        "lastModified": 1746171682,
        "narHash": "sha256-EyXUNSa+H+YvGVuQJP1nZskXAowxKYp79RNUsNdQTj4=",
        "owner": "nix-community",
        "repo": "home-manager",
        "rev": "50eee705bbdbac942074a8c120e8194185633675",
        "type": "github"
      },
      "original": {
        "owner": "nix-community",
        "ref": "release-24.11",
        "repo": "home-manager",
        "type": "github"
      }
    },
    "nixpkgs": {
      "locked": {
        "lastModified": 1746461020,
        "narHash": "sha256-7+pG1I9jvxNlmln4YgnlW4o+w0TZX24k688mibiFDUE=",
        "owner": "NixOS",
        "repo": "nixpkgs",
        "rev": "3730d8a308f94996a9ba7c7138ede69c1b9ac4ae",
        "type": "github"
      },
      "original": {
        "owner": "NixOS",
        "ref": "nixos-unstable",
        "repo": "nixpkgs",
        "type": "github"
      }
    },
    "nixpkgs-stable": {
      "locked": {
        "lastModified": 1746557022,
        "narHash": "sha256-QkNoyEf6TbaTW5UZYX0OkwIJ/ZMeKSSoOMnSDPQuol0=",
        "owner": "NixOS",
        "repo": "nixpkgs",
        "rev": "1d3aeb5a193b9ff13f63f4d9cc169fb88129f860",
        "type": "github"
      },
      "original": {
        "owner": "NixOS",
        "ref": "nixos-24.11",
        "repo": "nixpkgs",
        "type": "github"
      }
    },
    "nixpkgs-unstable": {
      "locked": {
        "lastModified": 1746576598,
        "narHash": "sha256-FshoQvr6Aor5SnORVvh/ZdJ1Sa2U4ZrIMwKBX5k2wu0=",
        "owner": "nixos",
        "repo": "nixpkgs",
        "rev": "b3582c75c7f21ce0b429898980eddbbf05c68e55",
        "type": "github"
      },
      "original": {
        "owner": "nixos",
        "ref": "nixpkgs-unstable",
        "repo": "nixpkgs",
        "type": "github"
      }
    },
    "nixpkgs_2": {
      "locked": {
        "lastModified": 1746566971,
        "narHash": "sha256-I40weT0FZWth1IEjgR5a0zC9LLyrPwTC0DAQcejtTJE=",
        "owner": "nixos",
        "repo": "nixpkgs",
        "rev": "209c5b3b0f5cf5b5a7e12ddea59bf19699f97e75",
        "type": "github"
      },
      "original": {
        "owner": "nixos",
        "ref": "nixpkgs-24.11-darwin",
        "repo": "nixpkgs",
        "type": "github"
      }
    },
    "plugin-betterTerm-nvim": {
      "flake": false,
      "locked": {
        "lastModified": 1737249192,
        "narHash": "sha256-kio6firB4UI813gPDnDCin5uODqp13GWwAro5ky2xJI=",
        "owner": "CRAG666",
        "repo": "betterTerm.nvim",
        "rev": "5d3f41d9e8b3553d49764906a14e45a08dbe2308",
        "type": "github"
      },
      "original": {
        "owner": "CRAG666",
        "repo": "betterTerm.nvim",
        "type": "github"
      }
    },
    "plugin-header_42_vim": {
      "flake": false,
      "locked": {
        "lastModified": 1726779991,
        "narHash": "sha256-T4BdswmjlrR3KG+97mzncuJ/1OAvx7GDwXW6MI5fBNE=",
        "owner": "42Paris",
        "repo": "42header",
        "rev": "9f51db5cc483951e257aece66f1f4ce3b14cdab1",
        "type": "github"
      },
      "original": {
        "owner": "42Paris",
        "repo": "42header",
        "type": "github"
      }
    },
    "plugin-norminette-vim": {
      "flake": false,
      "locked": {
        "lastModified": 1715376574,
        "narHash": "sha256-GCYU9FhIc/q+IYkdb6nRDHLIbYBMIVCfRQSA5M/v63s=",
        "owner": "alexandregv",
        "repo": "norminette-vim",
        "rev": "3b0ecf2b6e3296b966747ba39552569c947a68d3",
        "type": "github"
      },
      "original": {
        "owner": "alexandregv",
        "repo": "norminette-vim",
        "type": "github"
      }
    },
    "plugin-windex-nvim": {
      "flake": false,
      "locked": {
        "lastModified": 1657668376,
        "narHash": "sha256-mkBfIrltEXw6o8eygg60cwcJyVfS5y8Hx7vtagvF3Vo=",
        "owner": "declancm",
        "repo": "windex.nvim",
        "rev": "1e86cba6f6f55ced60d17d6c6ebd51388a637b86",
        "type": "github"
      },
      "original": {
        "owner": "declancm",
        "repo": "windex.nvim",
        "type": "github"
      }
    },
    "root": {
      "inputs": {
        "catppuccin-bat": "catppuccin-bat",
        "catppuccin-starship": "catppuccin-starship",
        "darwin": "darwin",
        "emacs-overlay": "emacs-overlay",
        "home-manager": "home-manager",
        "nixpkgs": "nixpkgs_2",
        "nixpkgs-unstable": "nixpkgs-unstable",
        "plugin-betterTerm-nvim": "plugin-betterTerm-nvim",
        "plugin-header_42_vim": "plugin-header_42_vim",
        "plugin-norminette-vim": "plugin-norminette-vim",
        "plugin-windex-nvim": "plugin-windex-nvim",
        "zen-profile": "zen-profile"
      }
    },
    "zen-profile": {
      "flake": false,
      "locked": {
        "lastModified": 1746634974,
        "narHash": "sha256-U2tanR8m5z/jjxyCNVCx9aQF7p1VBHzDjY1mrzuZ/oY=",
        "ref": "main",
        "rev": "d644730db3316f7addf97e4c22358a4078e13f41",
        "revCount": 2,
        "type": "git",
        "url": "ssh://git@github.com/iluvshiwoon/zen-profile.git"
      },
      "original": {
        "ref": "main",
        "type": "git",
        "url": "ssh://git@github.com/iluvshiwoon/zen-profile.git"
      }
    }
  },
  "root": "root",
  "version": 7
}
